{
  "name": "breathic.github.io",
  "lockfileVersion": 3,
  "requires": true,
  "packages": {
    "": {
      "dependencies": {
        "@vanillawc/wc-markdown": "^1.6.11"
      }
    },
    "node_modules/@vanillawc/wc-markdown": {
      "version": "1.6.11",
      "resolved": "https://registry.npmjs.org/@vanillawc/wc-markdown/-/wc-markdown-1.6.11.tgz",
      "integrity": "sha512-Ssw03l0l1oIHSlbuB/99XJ7PEcyYDjpKES+oA4czZ4IbQO1/2tSKxzHfmYfer0WdZFk4PZEIbppSpM+2k9KXmw=="
    }
  }
}
